
Microsoft Visual Studio Solution File, Format Version 12.00
# Visual Studio 14
VisualStudioVersion = 14.0.24720.0
MinimumVisualStudioVersion = 10.0.40219.1
Project("{F2A71F9B-5D33-465A-A702-920D77279786}") = "SpeakersFS", "SpeakersFS\SpeakersFS.fsproj", "{D53FAC6D-1E6E-47FE-B19D-C8068DF96064}"
EndProject
Project("{F2A71F9B-5D33-465A-A702-920D77279786}") = "SpeakersFS.Tests", "SpeakersFS.Tests\SpeakersFS.Tests.fsproj", "{7C200BA9-7739-4890-91DC-A71548A9A083}"
EndProject
Project("{FAE04EC0-301F-11D3-BF4B-00C04F79EFBC}") = "ButterworthWeb", "ButterworthWeb\ButterworthWeb.csproj", "{CFAB5D3B-13B5-4608-A040-028760DA215A}"
EndProject
Project("{F2A71F9B-5D33-465A-A702-920D77279786}") = "ButterworthWebApp", "ButterworthWebApp\ButterworthWebApp.fsproj", "{A126575F-C66E-42BF-A70F-655D4C3F0069}"
EndProject
Global
	GlobalSection(SolutionConfigurationPlatforms) = preSolution
		Debug|Any CPU = Debug|Any CPU
		Release|Any CPU = Release|Any CPU
	EndGlobalSection
	GlobalSection(ProjectConfigurationPlatforms) = postSolution
		{D53FAC6D-1E6E-47FE-B19D-C8068DF96064}.Debug|Any CPU.ActiveCfg = Debug|Any CPU
		{D53FAC6D-1E6E-47FE-B19D-C8068DF96064}.Debug|Any CPU.Build.0 = Debug|Any CPU
		{D53FAC6D-1E6E-47FE-B19D-C8068DF96064}.Release|Any CPU.ActiveCfg = Release|Any CPU
		{D53FAC6D-1E6E-47FE-B19D-C8068DF96064}.Release|Any CPU.Build.0 = Release|Any CPU
		{7C200BA9-7739-4890-91DC-A71548A9A083}.Debug|Any CPU.ActiveCfg = Debug|Any CPU
		{7C200BA9-7739-4890-91DC-A71548A9A083}.Debug|Any CPU.Build.0 = Debug|Any CPU
		{7C200BA9-7739-4890-91DC-A71548A9A083}.Release|Any CPU.ActiveCfg = Release|Any CPU
		{7C200BA9-7739-4890-91DC-A71548A9A083}.Release|Any CPU.Build.0 = Release|Any CPU
		{CFAB5D3B-13B5-4608-A040-028760DA215A}.Debug|Any CPU.ActiveCfg = Debug|Any CPU
		{CFAB5D3B-13B5-4608-A040-028760DA215A}.Debug|Any CPU.Build.0 = Debug|Any CPU
		{CFAB5D3B-13B5-4608-A040-028760DA215A}.Release|Any CPU.ActiveCfg = Release|Any CPU
		{CFAB5D3B-13B5-4608-A040-028760DA215A}.Release|Any CPU.Build.0 = Release|Any CPU
		{A126575F-C66E-42BF-A70F-655D4C3F0069}.Debug|Any CPU.ActiveCfg = Debug|Any CPU
		{A126575F-C66E-42BF-A70F-655D4C3F0069}.Debug|Any CPU.Build.0 = Debug|Any CPU
		{A126575F-C66E-42BF-A70F-655D4C3F0069}.Release|Any CPU.ActiveCfg = Release|Any CPU
		{A126575F-C66E-42BF-A70F-655D4C3F0069}.Release|Any CPU.Build.0 = Release|Any CPU
	EndGlobalSection
	GlobalSection(SolutionProperties) = preSolution
		HideSolutionNode = FALSE
	EndGlobalSection
EndGlobal
